
Microsoft Visual Studio Solution File, Format Version 12.00
# Visual Studio 15
VisualStudioVersion = 15.0.28010.2050
MinimumVisualStudioVersion = 10.0.40219.1
Project("{8BC9CEB8-8B4A-11D0-8D11-00A0C91BC942}") = "RAM", "RAM\RAM.vcxproj", "{D4A5A3FE-DB22-464B-B497-C10EE5464F1B}"
EndProject
Global
	GlobalSection(SolutionConfigurationPlatforms) = preSolution
		Debug|x64 = Debug|x64
		Debug|x86 = Debug|x86
		Release|x64 = Release|x64
		Release|x86 = Release|x86
	EndGlobalSection
	GlobalSection(ProjectConfigurationPlatforms) = postSolution
		{D4A5A3FE-DB22-464B-B497-C10EE5464F1B}.Debug|x64.ActiveCfg = Debug|x64
		{D4A5A3FE-DB22-464B-B497-C10EE5464F1B}.Debug|x64.Build.0 = Debug|x64
		{D4A5A3FE-DB22-464B-B497-C10EE5464F1B}.Debug|x86.ActiveCfg = Debug|Win32
		{D4A5A3FE-DB22-464B-B497-C10EE5464F1B}.Debug|x86.Build.0 = Debug|Win32
		{D4A5A3FE-DB22-464B-B497-C10EE5464F1B}.Release|x64.ActiveCfg = Release|x64
		{D4A5A3FE-DB22-464B-B497-C10EE5464F1B}.Release|x64.Build.0 = Release|x64
		{D4A5A3FE-DB22-464B-B497-C10EE5464F1B}.Release|x86.ActiveCfg = Release|Win32
		{D4A5A3FE-DB22-464B-B497-C10EE5464F1B}.Release|x86.Build.0 = Release|Win32
	EndGlobalSection
	GlobalSection(SolutionProperties) = preSolution
		HideSolutionNode = FALSE
	EndGlobalSection
	GlobalSection(ExtensibilityGlobals) = postSolution
		SolutionGuid = {8FA86EE2-BBEA-4C2D-A4CE-61FB238A41B4}
	EndGlobalSection
EndGlobal
